
Microsoft Visual Studio Solution File, Format Version 12.00
# Visual Studio Version 17
VisualStudioVersion = 17.6.33712.159
MinimumVisualStudioVersion = 10.0.40219.1
Project("{9A19103F-16F7-4668-BE54-9A1E7A4F7556}") = "PowerPlant", "PowerPlant.csproj", "{AEA6C566-E6FF-4E86-A60E-59BFCB8F8B64}"
EndProject
Global
	GlobalSection(SolutionConfigurationPlatforms) = preSolution
		Debug|Any CPU = Debug|Any CPU
		Release|Any CPU = Release|Any CPU
	EndGlobalSection
	GlobalSection(ProjectConfigurationPlatforms) = postSolution
		{AEA6C566-E6FF-4E86-A60E-59BFCB8F8B64}.Debug|Any CPU.ActiveCfg = Debug|Any CPU
		{AEA6C566-E6FF-4E86-A60E-59BFCB8F8B64}.Debug|Any CPU.Build.0 = Debug|Any CPU
		{AEA6C566-E6FF-4E86-A60E-59BFCB8F8B64}.Release|Any CPU.ActiveCfg = Release|Any CPU
		{AEA6C566-E6FF-4E86-A60E-59BFCB8F8B64}.Release|Any CPU.Build.0 = Release|Any CPU
	EndGlobalSection
	GlobalSection(SolutionProperties) = preSolution
		HideSolutionNode = FALSE
	EndGlobalSection
	GlobalSection(ExtensibilityGlobals) = postSolution
		SolutionGuid = {0E5B8AEF-2C43-497D-9A96-6F579E7C4DF9}
	EndGlobalSection
EndGlobal
